
Microsoft Visual Studio Solution File, Format Version 12.00
# Visual Studio Version 16
VisualStudioVersion = 16.0.29609.76
MinimumVisualStudioVersion = 10.0.40219.1
Project("{FAE04EC0-301F-11D3-BF4B-00C04F79EFBC}") = "DotnetCoreApp.Web", "..\DotnetCoreApp.Web\DotnetCoreApp.Web.csproj", "{2366DE10-AF9E-441E-BC83-BDCBB8BFA701}"
EndProject
Project("{FAE04EC0-301F-11D3-BF4B-00C04F79EFBC}") = "DotnetCoreApp.Core", "..\DotnetCoreApp.Core\DotnetCoreApp.Core.csproj", "{CBB377B6-2844-406E-AAA5-BB7A4224D095}"
EndProject
Project("{FAE04EC0-301F-11D3-BF4B-00C04F79EFBC}") = "DotnetCoreApp.Application", "..\DotnetCoreApp.Application\DotnetCoreApp.Application.csproj", "{626ABFE0-A460-4D49-94F3-0982502911C8}"
EndProject
Project("{FAE04EC0-301F-11D3-BF4B-00C04F79EFBC}") = "DotnetCoreApp.Infrastructure", "..\DotnetCoreApp.Infrastructure\DotnetCoreApp.Infrastructure.csproj", "{5DE2CDC1-2800-4738-BE45-7F56A7C959F8}"
EndProject
Global
	GlobalSection(SolutionConfigurationPlatforms) = preSolution
		Debug|Any CPU = Debug|Any CPU
		Release|Any CPU = Release|Any CPU
	EndGlobalSection
	GlobalSection(ProjectConfigurationPlatforms) = postSolution
		{2366DE10-AF9E-441E-BC83-BDCBB8BFA701}.Debug|Any CPU.ActiveCfg = Debug|Any CPU
		{2366DE10-AF9E-441E-BC83-BDCBB8BFA701}.Debug|Any CPU.Build.0 = Debug|Any CPU
		{2366DE10-AF9E-441E-BC83-BDCBB8BFA701}.Release|Any CPU.ActiveCfg = Release|Any CPU
		{2366DE10-AF9E-441E-BC83-BDCBB8BFA701}.Release|Any CPU.Build.0 = Release|Any CPU
		{CBB377B6-2844-406E-AAA5-BB7A4224D095}.Debug|Any CPU.ActiveCfg = Debug|Any CPU
		{CBB377B6-2844-406E-AAA5-BB7A4224D095}.Debug|Any CPU.Build.0 = Debug|Any CPU
		{CBB377B6-2844-406E-AAA5-BB7A4224D095}.Release|Any CPU.ActiveCfg = Release|Any CPU
		{CBB377B6-2844-406E-AAA5-BB7A4224D095}.Release|Any CPU.Build.0 = Release|Any CPU
		{626ABFE0-A460-4D49-94F3-0982502911C8}.Debug|Any CPU.ActiveCfg = Debug|Any CPU
		{626ABFE0-A460-4D49-94F3-0982502911C8}.Debug|Any CPU.Build.0 = Debug|Any CPU
		{626ABFE0-A460-4D49-94F3-0982502911C8}.Release|Any CPU.ActiveCfg = Release|Any CPU
		{626ABFE0-A460-4D49-94F3-0982502911C8}.Release|Any CPU.Build.0 = Release|Any CPU
		{5DE2CDC1-2800-4738-BE45-7F56A7C959F8}.Debug|Any CPU.ActiveCfg = Debug|Any CPU
		{5DE2CDC1-2800-4738-BE45-7F56A7C959F8}.Debug|Any CPU.Build.0 = Debug|Any CPU
		{5DE2CDC1-2800-4738-BE45-7F56A7C959F8}.Release|Any CPU.ActiveCfg = Release|Any CPU
		{5DE2CDC1-2800-4738-BE45-7F56A7C959F8}.Release|Any CPU.Build.0 = Release|Any CPU
	EndGlobalSection
	GlobalSection(SolutionProperties) = preSolution
		HideSolutionNode = FALSE
	EndGlobalSection
	GlobalSection(ExtensibilityGlobals) = postSolution
		SolutionGuid = {E3FEE5FD-4863-4274-B719-7EBB09FF1920}
	EndGlobalSection
EndGlobal
